
Microsoft Visual Studio Solution File, Format Version 12.00
# Visual Studio 15
VisualStudioVersion = 15.0.28307.329
MinimumVisualStudioVersion = 10.0.40219.1
Project("{FAE04EC0-301F-11D3-BF4B-00C04F79EFBC}") = "Media Library", "Media Library\Media Library.csproj", "{5E7F6203-AD5B-466C-9D45-F2885559475E}"
EndProject
Global
	GlobalSection(SolutionConfigurationPlatforms) = preSolution
		Debug|Any CPU = Debug|Any CPU
		Release|Any CPU = Release|Any CPU
	EndGlobalSection
	GlobalSection(ProjectConfigurationPlatforms) = postSolution
		{5E7F6203-AD5B-466C-9D45-F2885559475E}.Debug|Any CPU.ActiveCfg = Debug|Any CPU
		{5E7F6203-AD5B-466C-9D45-F2885559475E}.Debug|Any CPU.Build.0 = Debug|Any CPU
		{5E7F6203-AD5B-466C-9D45-F2885559475E}.Release|Any CPU.ActiveCfg = Release|Any CPU
		{5E7F6203-AD5B-466C-9D45-F2885559475E}.Release|Any CPU.Build.0 = Release|Any CPU
	EndGlobalSection
	GlobalSection(SolutionProperties) = preSolution
		HideSolutionNode = FALSE
	EndGlobalSection
	GlobalSection(ExtensibilityGlobals) = postSolution
		SolutionGuid = {F9106F04-82C1-4C83-B149-22D792B9EF43}
	EndGlobalSection
EndGlobal
